
Microsoft Visual Studio Solution File, Format Version 12.00
# Visual Studio Version 17
VisualStudioVersion = 17.3.32922.545
MinimumVisualStudioVersion = 10.0.40219.1
Project("{FAE04EC0-301F-11D3-BF4B-00C04F79EFBC}") = "SignalRClientTest", "SignalRClientTest\SignalRClientTest.csproj", "{58A2194C-E7A2-4DF1-9C15-48F2AB04DAD3}"
EndProject
Global
	GlobalSection(SolutionConfigurationPlatforms) = preSolution
		Debug|Any CPU = Debug|Any CPU
		Release|Any CPU = Release|Any CPU
	EndGlobalSection
	GlobalSection(ProjectConfigurationPlatforms) = postSolution
		{58A2194C-E7A2-4DF1-9C15-48F2AB04DAD3}.Debug|Any CPU.ActiveCfg = Debug|Any CPU
		{58A2194C-E7A2-4DF1-9C15-48F2AB04DAD3}.Debug|Any CPU.Build.0 = Debug|Any CPU
		{58A2194C-E7A2-4DF1-9C15-48F2AB04DAD3}.Release|Any CPU.ActiveCfg = Release|Any CPU
		{58A2194C-E7A2-4DF1-9C15-48F2AB04DAD3}.Release|Any CPU.Build.0 = Release|Any CPU
	EndGlobalSection
	GlobalSection(SolutionProperties) = preSolution
		HideSolutionNode = FALSE
	EndGlobalSection
	GlobalSection(ExtensibilityGlobals) = postSolution
		SolutionGuid = {1AE4604A-9405-4A46-BA34-78BD651D6A84}
	EndGlobalSection
EndGlobal
